
Microsoft Visual Studio Solution File, Format Version 12.00
# Visual Studio Version 17
VisualStudioVersion = 17.4.33122.133
MinimumVisualStudioVersion = 10.0.40219.1
Project("{FAE04EC0-301F-11D3-BF4B-00C04F79EFBC}") = "TestMQTTConnection", "TestMQTTConnection\TestMQTTConnection.csproj", "{ADF0B6D6-63A3-4EFF-A993-10909A3BCF0D}"
EndProject
Global
	GlobalSection(SolutionConfigurationPlatforms) = preSolution
		Debug|Any CPU = Debug|Any CPU
		Release|Any CPU = Release|Any CPU
	EndGlobalSection
	GlobalSection(ProjectConfigurationPlatforms) = postSolution
		{ADF0B6D6-63A3-4EFF-A993-10909A3BCF0D}.Debug|Any CPU.ActiveCfg = Debug|Any CPU
		{ADF0B6D6-63A3-4EFF-A993-10909A3BCF0D}.Debug|Any CPU.Build.0 = Debug|Any CPU
		{ADF0B6D6-63A3-4EFF-A993-10909A3BCF0D}.Release|Any CPU.ActiveCfg = Release|Any CPU
		{ADF0B6D6-63A3-4EFF-A993-10909A3BCF0D}.Release|Any CPU.Build.0 = Release|Any CPU
	EndGlobalSection
	GlobalSection(SolutionProperties) = preSolution
		HideSolutionNode = FALSE
	EndGlobalSection
	GlobalSection(ExtensibilityGlobals) = postSolution
		SolutionGuid = {77644A7D-CBFE-4D68-86FA-2456EC279E0F}
	EndGlobalSection
EndGlobal
